
Microsoft Visual Studio Solution File, Format Version 12.00
# Visual Studio Version 17
VisualStudioVersion = 17.0.32014.148
MinimumVisualStudioVersion = 10.0.40219.1
Project("{FAE04EC0-301F-11D3-BF4B-00C04F79EFBC}") = "ToDoList", "ToDoList\ToDoList.csproj", "{AF70445C-3CF8-4D94-845A-63DDCBAB6F4A}"
EndProject
Global
	GlobalSection(SolutionConfigurationPlatforms) = preSolution
		Debug|Any CPU = Debug|Any CPU
		Release|Any CPU = Release|Any CPU
	EndGlobalSection
	GlobalSection(ProjectConfigurationPlatforms) = postSolution
		{AF70445C-3CF8-4D94-845A-63DDCBAB6F4A}.Debug|Any CPU.ActiveCfg = Debug|Any CPU
		{AF70445C-3CF8-4D94-845A-63DDCBAB6F4A}.Debug|Any CPU.Build.0 = Debug|Any CPU
		{AF70445C-3CF8-4D94-845A-63DDCBAB6F4A}.Release|Any CPU.ActiveCfg = Release|Any CPU
		{AF70445C-3CF8-4D94-845A-63DDCBAB6F4A}.Release|Any CPU.Build.0 = Release|Any CPU
	EndGlobalSection
	GlobalSection(SolutionProperties) = preSolution
		HideSolutionNode = FALSE
	EndGlobalSection
	GlobalSection(ExtensibilityGlobals) = postSolution
		SolutionGuid = {8F20EEDE-1E01-49FC-93A9-9544AFCA6F00}
	EndGlobalSection
EndGlobal
